
Microsoft Visual Studio Solution File, Format Version 12.00
# Visual Studio Version 17
VisualStudioVersion = 17.5.002.0
MinimumVisualStudioVersion = 10.0.40219.1
Project("{2150E333-8FDC-42A3-9474-1A3956D46DE8}") = "csharp-prep", "csharp-prep", "{D0D5F588-EE8A-421F-A031-3898DF607068}"
EndProject
Project("{9A19103F-16F7-4668-BE54-9A1E7A4F7556}") = "Prep1", "csharp-prep\Prep1\Prep1.csproj", "{05CE8B6A-FEE3-49FC-A688-6D75B1A9D5B7}"
EndProject
Project("{9A19103F-16F7-4668-BE54-9A1E7A4F7556}") = "Prep2", "csharp-prep\Prep2\Prep2.csproj", "{6FE4E898-DFF2-4023-BF84-2CB1B5644156}"
EndProject
Project("{9A19103F-16F7-4668-BE54-9A1E7A4F7556}") = "Prep3", "csharp-prep\Prep3\Prep3.csproj", "{C1FEF8C3-91DC-455C-89F2-668D2CFDC70F}"
EndProject
Project("{9A19103F-16F7-4668-BE54-9A1E7A4F7556}") = "Prep4", "csharp-prep\Prep4\Prep4.csproj", "{FF89277D-EAA9-4E33-A3D8-24B18EE2EC01}"
EndProject
Project("{9A19103F-16F7-4668-BE54-9A1E7A4F7556}") = "Prep5", "csharp-prep\Prep5\Prep5.csproj", "{5953EF4F-4185-4CCB-A9E7-BCEB1D4DFF59}"
EndProject
Project("{2150E333-8FDC-42A3-9474-1A3956D46DE8}") = "final", "final", "{EF1E25B0-2FA9-44FB-8CDB-9D308537FF4B}"
EndProject
Project("{9A19103F-16F7-4668-BE54-9A1E7A4F7556}") = "FinalProject", "final\FinalProject\FinalProject.csproj", "{8EE10A3C-73E8-4640-B4F5-D470D8C3A2A8}"
EndProject
Project("{9A19103F-16F7-4668-BE54-9A1E7A4F7556}") = "Foundation1", "final\Foundation1\Foundation1.csproj", "{7E43BA1D-FD6C-47A8-AE20-7FFF013DE2D9}"
EndProject
Project("{9A19103F-16F7-4668-BE54-9A1E7A4F7556}") = "Foundation2", "final\Foundation2\Foundation2.csproj", "{CA5A85FA-4FC0-422B-98CE-DBBD20A2D828}"
EndProject
Project("{9A19103F-16F7-4668-BE54-9A1E7A4F7556}") = "Foundation3", "final\Foundation3\Foundation3.csproj", "{C1727F2B-C93F-4A26-8C95-E2E8A0DC2D91}"
EndProject
Project("{9A19103F-16F7-4668-BE54-9A1E7A4F7556}") = "Foundation4", "final\Foundation4\Foundation4.csproj", "{446AFF6A-2192-4AA9-B300-2B22DC10390A}"
EndProject
Project("{2150E333-8FDC-42A3-9474-1A3956D46DE8}") = "prepare", "prepare", "{E1EEAE8A-6B91-4849-ABEA-9617DD380A76}"
EndProject
Project("{9A19103F-16F7-4668-BE54-9A1E7A4F7556}") = "Learning02", "prepare\Learning02\Learning02.csproj", "{9826A849-DEDB-49D9-8653-659F39BD459E}"
EndProject
Project("{9A19103F-16F7-4668-BE54-9A1E7A4F7556}") = "Learning03", "prepare\Learning03\Learning03.csproj", "{0791F661-9C31-4505-B5BC-67B734C291B4}"
EndProject
Project("{9A19103F-16F7-4668-BE54-9A1E7A4F7556}") = "Learning04", "prepare\Learning04\Learning04.csproj", "{9825DE6D-5104-43D2-A987-E55FC84F1002}"
EndProject
Project("{9A19103F-16F7-4668-BE54-9A1E7A4F7556}") = "Learning05", "prepare\Learning05\Learning05.csproj", "{F318B63A-D7CA-490B-B837-7BC81FAC82F2}"
EndProject
Project("{2150E333-8FDC-42A3-9474-1A3956D46DE8}") = "prove", "prove", "{A7AD1212-711A-4F82-A90D-97BB05AF7069}"
EndProject
Project("{9A19103F-16F7-4668-BE54-9A1E7A4F7556}") = "Develop02", "prove\Develop02\Develop02.csproj", "{A27DF9C6-BD82-4955-BF4C-96D2EC10FD8E}"
EndProject
Project("{9A19103F-16F7-4668-BE54-9A1E7A4F7556}") = "Develop03", "prove\Develop03\Develop03.csproj", "{0FCF37BE-218A-44A5-B317-D9AA4E9C0B06}"
EndProject
Project("{9A19103F-16F7-4668-BE54-9A1E7A4F7556}") = "Develop04", "prove\Develop04\Develop04.csproj", "{85E17C05-4C5B-41A9-A584-B31F93040D15}"
EndProject
Project("{9A19103F-16F7-4668-BE54-9A1E7A4F7556}") = "Develop05", "prove\Develop05\Develop05.csproj", "{5C4BD0E1-3838-43B8-9AF7-6B0586F24A94}"
EndProject
Project("{2150E333-8FDC-42A3-9474-1A3956D46DE8}") = "sandbox", "sandbox", "{73D6D4E7-8A98-4758-9707-914112EE31EA}"
EndProject
Project("{9A19103F-16F7-4668-BE54-9A1E7A4F7556}") = "Sandbox", "sandbox\Sandbox\Sandbox.csproj", "{17E0D178-9DB0-42A6-B3D7-E35E0A399137}"
EndProject
Global
	GlobalSection(SolutionConfigurationPlatforms) = preSolution
		Debug|Any CPU = Debug|Any CPU
		Release|Any CPU = Release|Any CPU
	EndGlobalSection
	GlobalSection(ProjectConfigurationPlatforms) = postSolution
		{05CE8B6A-FEE3-49FC-A688-6D75B1A9D5B7}.Debug|Any CPU.ActiveCfg = Debug|Any CPU
		{05CE8B6A-FEE3-49FC-A688-6D75B1A9D5B7}.Debug|Any CPU.Build.0 = Debug|Any CPU
		{05CE8B6A-FEE3-49FC-A688-6D75B1A9D5B7}.Release|Any CPU.ActiveCfg = Release|Any CPU
		{05CE8B6A-FEE3-49FC-A688-6D75B1A9D5B7}.Release|Any CPU.Build.0 = Release|Any CPU
		{6FE4E898-DFF2-4023-BF84-2CB1B5644156}.Debug|Any CPU.ActiveCfg = Debug|Any CPU
		{6FE4E898-DFF2-4023-BF84-2CB1B5644156}.Debug|Any CPU.Build.0 = Debug|Any CPU
		{6FE4E898-DFF2-4023-BF84-2CB1B5644156}.Release|Any CPU.ActiveCfg = Release|Any CPU
		{6FE4E898-DFF2-4023-BF84-2CB1B5644156}.Release|Any CPU.Build.0 = Release|Any CPU
		{C1FEF8C3-91DC-455C-89F2-668D2CFDC70F}.Debug|Any CPU.ActiveCfg = Debug|Any CPU
		{C1FEF8C3-91DC-455C-89F2-668D2CFDC70F}.Debug|Any CPU.Build.0 = Debug|Any CPU
		{C1FEF8C3-91DC-455C-89F2-668D2CFDC70F}.Release|Any CPU.ActiveCfg = Release|Any CPU
		{C1FEF8C3-91DC-455C-89F2-668D2CFDC70F}.Release|Any CPU.Build.0 = Release|Any CPU
		{FF89277D-EAA9-4E33-A3D8-24B18EE2EC01}.Debug|Any CPU.ActiveCfg = Debug|Any CPU
		{FF89277D-EAA9-4E33-A3D8-24B18EE2EC01}.Debug|Any CPU.Build.0 = Debug|Any CPU
		{FF89277D-EAA9-4E33-A3D8-24B18EE2EC01}.Release|Any CPU.ActiveCfg = Release|Any CPU
		{FF89277D-EAA9-4E33-A3D8-24B18EE2EC01}.Release|Any CPU.Build.0 = Release|Any CPU
		{5953EF4F-4185-4CCB-A9E7-BCEB1D4DFF59}.Debug|Any CPU.ActiveCfg = Debug|Any CPU
		{5953EF4F-4185-4CCB-A9E7-BCEB1D4DFF59}.Debug|Any CPU.Build.0 = Debug|Any CPU
		{5953EF4F-4185-4CCB-A9E7-BCEB1D4DFF59}.Release|Any CPU.ActiveCfg = Release|Any CPU
		{5953EF4F-4185-4CCB-A9E7-BCEB1D4DFF59}.Release|Any CPU.Build.0 = Release|Any CPU
		{8EE10A3C-73E8-4640-B4F5-D470D8C3A2A8}.Debug|Any CPU.ActiveCfg = Debug|Any CPU
		{8EE10A3C-73E8-4640-B4F5-D470D8C3A2A8}.Debug|Any CPU.Build.0 = Debug|Any CPU
		{8EE10A3C-73E8-4640-B4F5-D470D8C3A2A8}.Release|Any CPU.ActiveCfg = Release|Any CPU
		{8EE10A3C-73E8-4640-B4F5-D470D8C3A2A8}.Release|Any CPU.Build.0 = Release|Any CPU
		{7E43BA1D-FD6C-47A8-AE20-7FFF013DE2D9}.Debug|Any CPU.ActiveCfg = Debug|Any CPU
		{7E43BA1D-FD6C-47A8-AE20-7FFF013DE2D9}.Debug|Any CPU.Build.0 = Debug|Any CPU
		{7E43BA1D-FD6C-47A8-AE20-7FFF013DE2D9}.Release|Any CPU.ActiveCfg = Release|Any CPU
		{7E43BA1D-FD6C-47A8-AE20-7FFF013DE2D9}.Release|Any CPU.Build.0 = Release|Any CPU
		{CA5A85FA-4FC0-422B-98CE-DBBD20A2D828}.Debug|Any CPU.ActiveCfg = Debug|Any CPU
		{CA5A85FA-4FC0-422B-98CE-DBBD20A2D828}.Debug|Any CPU.Build.0 = Debug|Any CPU
		{CA5A85FA-4FC0-422B-98CE-DBBD20A2D828}.Release|Any CPU.ActiveCfg = Release|Any CPU
		{CA5A85FA-4FC0-422B-98CE-DBBD20A2D828}.Release|Any CPU.Build.0 = Release|Any CPU
		{C1727F2B-C93F-4A26-8C95-E2E8A0DC2D91}.Debug|Any CPU.ActiveCfg = Debug|Any CPU
		{C1727F2B-C93F-4A26-8C95-E2E8A0DC2D91}.Debug|Any CPU.Build.0 = Debug|Any CPU
		{C1727F2B-C93F-4A26-8C95-E2E8A0DC2D91}.Release|Any CPU.ActiveCfg = Release|Any CPU
		{C1727F2B-C93F-4A26-8C95-E2E8A0DC2D91}.Release|Any CPU.Build.0 = Release|Any CPU
		{446AFF6A-2192-4AA9-B300-2B22DC10390A}.Debug|Any CPU.ActiveCfg = Debug|Any CPU
		{446AFF6A-2192-4AA9-B300-2B22DC10390A}.Debug|Any CPU.Build.0 = Debug|Any CPU
		{446AFF6A-2192-4AA9-B300-2B22DC10390A}.Release|Any CPU.ActiveCfg = Release|Any CPU
		{446AFF6A-2192-4AA9-B300-2B22DC10390A}.Release|Any CPU.Build.0 = Release|Any CPU
		{9826A849-DEDB-49D9-8653-659F39BD459E}.Debug|Any CPU.ActiveCfg = Debug|Any CPU
		{9826A849-DEDB-49D9-8653-659F39BD459E}.Debug|Any CPU.Build.0 = Debug|Any CPU
		{9826A849-DEDB-49D9-8653-659F39BD459E}.Release|Any CPU.ActiveCfg = Release|Any CPU
		{9826A849-DEDB-49D9-8653-659F39BD459E}.Release|Any CPU.Build.0 = Release|Any CPU
		{0791F661-9C31-4505-B5BC-67B734C291B4}.Debug|Any CPU.ActiveCfg = Debug|Any CPU
		{0791F661-9C31-4505-B5BC-67B734C291B4}.Debug|Any CPU.Build.0 = Debug|Any CPU
		{0791F661-9C31-4505-B5BC-67B734C291B4}.Release|Any CPU.ActiveCfg = Release|Any CPU
		{0791F661-9C31-4505-B5BC-67B734C291B4}.Release|Any CPU.Build.0 = Release|Any CPU
		{9825DE6D-5104-43D2-A987-E55FC84F1002}.Debug|Any CPU.ActiveCfg = Debug|Any CPU
		{9825DE6D-5104-43D2-A987-E55FC84F1002}.Debug|Any CPU.Build.0 = Debug|Any CPU
		{9825DE6D-5104-43D2-A987-E55FC84F1002}.Release|Any CPU.ActiveCfg = Release|Any CPU
		{9825DE6D-5104-43D2-A987-E55FC84F1002}.Release|Any CPU.Build.0 = Release|Any CPU
		{F318B63A-D7CA-490B-B837-7BC81FAC82F2}.Debug|Any CPU.ActiveCfg = Debug|Any CPU
		{F318B63A-D7CA-490B-B837-7BC81FAC82F2}.Debug|Any CPU.Build.0 = Debug|Any CPU
		{F318B63A-D7CA-490B-B837-7BC81FAC82F2}.Release|Any CPU.ActiveCfg = Release|Any CPU
		{F318B63A-D7CA-490B-B837-7BC81FAC82F2}.Release|Any CPU.Build.0 = Release|Any CPU
		{A27DF9C6-BD82-4955-BF4C-96D2EC10FD8E}.Debug|Any CPU.ActiveCfg = Debug|Any CPU
		{A27DF9C6-BD82-4955-BF4C-96D2EC10FD8E}.Debug|Any CPU.Build.0 = Debug|Any CPU
		{A27DF9C6-BD82-4955-BF4C-96D2EC10FD8E}.Release|Any CPU.ActiveCfg = Release|Any CPU
		{A27DF9C6-BD82-4955-BF4C-96D2EC10FD8E}.Release|Any CPU.Build.0 = Release|Any CPU
		{0FCF37BE-218A-44A5-B317-D9AA4E9C0B06}.Debug|Any CPU.ActiveCfg = Debug|Any CPU
		{0FCF37BE-218A-44A5-B317-D9AA4E9C0B06}.Debug|Any CPU.Build.0 = Debug|Any CPU
		{0FCF37BE-218A-44A5-B317-D9AA4E9C0B06}.Release|Any CPU.ActiveCfg = Release|Any CPU
		{0FCF37BE-218A-44A5-B317-D9AA4E9C0B06}.Release|Any CPU.Build.0 = Release|Any CPU
		{85E17C05-4C5B-41A9-A584-B31F93040D15}.Debug|Any CPU.ActiveCfg = Debug|Any CPU
		{85E17C05-4C5B-41A9-A584-B31F93040D15}.Debug|Any CPU.Build.0 = Debug|Any CPU
		{85E17C05-4C5B-41A9-A584-B31F93040D15}.Release|Any CPU.ActiveCfg = Release|Any CPU
		{85E17C05-4C5B-41A9-A584-B31F93040D15}.Release|Any CPU.Build.0 = Release|Any CPU
		{5C4BD0E1-3838-43B8-9AF7-6B0586F24A94}.Debug|Any CPU.ActiveCfg = Debug|Any CPU
		{5C4BD0E1-3838-43B8-9AF7-6B0586F24A94}.Debug|Any CPU.Build.0 = Debug|Any CPU
		{5C4BD0E1-3838-43B8-9AF7-6B0586F24A94}.Release|Any CPU.ActiveCfg = Release|Any CPU
		{5C4BD0E1-3838-43B8-9AF7-6B0586F24A94}.Release|Any CPU.Build.0 = Release|Any CPU
		{17E0D178-9DB0-42A6-B3D7-E35E0A399137}.Debug|Any CPU.ActiveCfg = Debug|Any CPU
		{17E0D178-9DB0-42A6-B3D7-E35E0A399137}.Debug|Any CPU.Build.0 = Debug|Any CPU
		{17E0D178-9DB0-42A6-B3D7-E35E0A399137}.Release|Any CPU.ActiveCfg = Release|Any CPU
		{17E0D178-9DB0-42A6-B3D7-E35E0A399137}.Release|Any CPU.Build.0 = Release|Any CPU
	EndGlobalSection
	GlobalSection(SolutionProperties) = preSolution
		HideSolutionNode = FALSE
	EndGlobalSection
	GlobalSection(NestedProjects) = preSolution
		{05CE8B6A-FEE3-49FC-A688-6D75B1A9D5B7} = {D0D5F588-EE8A-421F-A031-3898DF607068}
		{6FE4E898-DFF2-4023-BF84-2CB1B5644156} = {D0D5F588-EE8A-421F-A031-3898DF607068}
		{C1FEF8C3-91DC-455C-89F2-668D2CFDC70F} = {D0D5F588-EE8A-421F-A031-3898DF607068}
		{FF89277D-EAA9-4E33-A3D8-24B18EE2EC01} = {D0D5F588-EE8A-421F-A031-3898DF607068}
		{5953EF4F-4185-4CCB-A9E7-BCEB1D4DFF59} = {D0D5F588-EE8A-421F-A031-3898DF607068}
		{8EE10A3C-73E8-4640-B4F5-D470D8C3A2A8} = {EF1E25B0-2FA9-44FB-8CDB-9D308537FF4B}
		{7E43BA1D-FD6C-47A8-AE20-7FFF013DE2D9} = {EF1E25B0-2FA9-44FB-8CDB-9D308537FF4B}
		{CA5A85FA-4FC0-422B-98CE-DBBD20A2D828} = {EF1E25B0-2FA9-44FB-8CDB-9D308537FF4B}
		{C1727F2B-C93F-4A26-8C95-E2E8A0DC2D91} = {EF1E25B0-2FA9-44FB-8CDB-9D308537FF4B}
		{446AFF6A-2192-4AA9-B300-2B22DC10390A} = {EF1E25B0-2FA9-44FB-8CDB-9D308537FF4B}
		{9826A849-DEDB-49D9-8653-659F39BD459E} = {E1EEAE8A-6B91-4849-ABEA-9617DD380A76}
		{0791F661-9C31-4505-B5BC-67B734C291B4} = {E1EEAE8A-6B91-4849-ABEA-9617DD380A76}
		{9825DE6D-5104-43D2-A987-E55FC84F1002} = {E1EEAE8A-6B91-4849-ABEA-9617DD380A76}
		{F318B63A-D7CA-490B-B837-7BC81FAC82F2} = {E1EEAE8A-6B91-4849-ABEA-9617DD380A76}
		{A27DF9C6-BD82-4955-BF4C-96D2EC10FD8E} = {A7AD1212-711A-4F82-A90D-97BB05AF7069}
		{0FCF37BE-218A-44A5-B317-D9AA4E9C0B06} = {A7AD1212-711A-4F82-A90D-97BB05AF7069}
		{85E17C05-4C5B-41A9-A584-B31F93040D15} = {A7AD1212-711A-4F82-A90D-97BB05AF7069}
		{5C4BD0E1-3838-43B8-9AF7-6B0586F24A94} = {A7AD1212-711A-4F82-A90D-97BB05AF7069}
		{17E0D178-9DB0-42A6-B3D7-E35E0A399137} = {73D6D4E7-8A98-4758-9707-914112EE31EA}
	EndGlobalSection
	GlobalSection(ExtensibilityGlobals) = postSolution
		SolutionGuid = {91D18555-4767-49F7-9729-699821203DD1}
	EndGlobalSection
EndGlobal
